
Microsoft Visual Studio Solution File, Format Version 12.00
# Visual Studio Version 17
VisualStudioVersion = 17.14.36616.10 d17.14
MinimumVisualStudioVersion = 10.0.40219.1
Project("{FAE04EC0-301F-11D3-BF4B-00C04F79EFBC}") = "RouletteOfRepression", "RouletteOfRepression.csproj", "{37C5FEF6-A0EA-4E30-AB0F-57EDBA3CF827}"
EndProject
Global
	GlobalSection(SolutionConfigurationPlatforms) = preSolution
		Debug|Any CPU = Debug|Any CPU
		Release|Any CPU = Release|Any CPU
	EndGlobalSection
	GlobalSection(ProjectConfigurationPlatforms) = postSolution
		{37C5FEF6-A0EA-4E30-AB0F-57EDBA3CF827}.Debug|Any CPU.ActiveCfg = Debug|Any CPU
		{37C5FEF6-A0EA-4E30-AB0F-57EDBA3CF827}.Debug|Any CPU.Build.0 = Debug|Any CPU
		{37C5FEF6-A0EA-4E30-AB0F-57EDBA3CF827}.Release|Any CPU.ActiveCfg = Release|Any CPU
		{37C5FEF6-A0EA-4E30-AB0F-57EDBA3CF827}.Release|Any CPU.Build.0 = Release|Any CPU
	EndGlobalSection
	GlobalSection(SolutionProperties) = preSolution
		HideSolutionNode = FALSE
	EndGlobalSection
	GlobalSection(ExtensibilityGlobals) = postSolution
		SolutionGuid = {5782DCFD-359C-4BE8-B173-84DB9FEA9DED}
	EndGlobalSection
EndGlobal
